{
  "originHash" : "7ae7de66bf34011044ef65c07c25f33fa339e14f708b356a54af8c347cdda7c2",
  "pins" : [
    {
      "identity" : "apgcantripkit",
      "kind" : "remoteSourceControl",
      "location" : "https://github.com/magesteve/APGCantripKit",
      "state" : {
        "revision" : "a84213ac509843d077293cf28b571beca5ad3c55",
        "version" : "0.1.0"
      }
    },
    {
      "identity" : "apgintentkit",
      "kind" : "remoteSourceControl",
      "location" : "https://github.com/magesteve/APGIntentKit",
      "state" : {
        "revision" : "8f892e450f6198b6d37b4d4ea8f61b699459d421",
        "version" : "0.4.0"
      }
    },
    {
      "identity" : "apgworkkit",
      "kind" : "remoteSourceControl",
      "location" : "https://github.com/magesteve/APGWorkKit",
      "state" : {
        "revision" : "de6086bc7ec467df578ff83ce1a5bb0ceb290d54",
        "version" : "0.4.0"
      }
    }
  ],
  "version" : 3
}
