{
  "originHash" : "0dd0d1a740192bbded28c810c3492422060c25982e84563c136c5dd56b1f1c3a",
  "pins" : [
    {
      "identity" : "apgintentkit",
      "kind" : "remoteSourceControl",
      "location" : "https://github.com/magesteve/APGIntentKit",
      "state" : {
        "revision" : "5612eec9cb85a7d09639d1433b0575f1a14aa315",
        "version" : "0.3.3"
      }
    }
  ],
  "version" : 3
}
