{
  "originHash" : "72557dd5a551006b888b455645233dbf7576d15df8c957a42655e8b385ecec0d",
  "pins" : [
    {
      "identity" : "apgcantripkit",
      "kind" : "remoteSourceControl",
      "location" : "https://github.com/magesteve/APGCantripKit",
      "state" : {
        "revision" : "e8f12ab84bb5d4968d072a68d6745f5e323ee207",
        "version" : "0.2.0"
      }
    },
    {
      "identity" : "apgintentkit",
      "kind" : "remoteSourceControl",
      "location" : "https://github.com/magesteve/APGIntentKit",
      "state" : {
        "revision" : "8f892e450f6198b6d37b4d4ea8f61b699459d421",
        "version" : "0.4.0"
      }
    },
    {
      "identity" : "apgworkkit",
      "kind" : "remoteSourceControl",
      "location" : "https://github.com/magesteve/APGWorkKit",
      "state" : {
        "revision" : "de6086bc7ec467df578ff83ce1a5bb0ceb290d54",
        "version" : "0.4.0"
      }
    }
  ],
  "version" : 3
}
